<?xml version="1.0" encoding="utf-8"?>
<Project ToolsVersion="4.0" xmlns="http://schemas.microsoft.com/developer/msbuild/2003">
  <ItemGroup>
    <Filter Include="Source Files">
      <UniqueIdentifier>{4FC737F1-C7A5-4376-A066-2A32D752A2FF}</UniqueIdentifier>
      <Extensions>cpp;c;cc;cxx;c++;cppm;ixx;def;odl;idl;hpj;bat;asm;asmx</Extensions>
    </Filter>
    <Filter Include="Header Files">
      <UniqueIdentifier>{93995380-89BD-4b04-88EB-625FBE52EBFB}</UniqueIdentifier>
      <Extensions>h;hh;hpp;hxx;h++;hm;inl;inc;ipp;xsd</Extensions>
    </Filter>
    <Filter Include="Resource Files">
      <UniqueIdentifier>{67DA6AB6-F800-4c08-8B7A-83BB121AAD01}</UniqueIdentifier>
      <Extensions>rc;ico;cur;bmp;dlg;rc2;rct;bin;rgs;gif;jpg;jpeg;jpe;resx;tiff;tif;png;wav;mfcribbon-ms</Extensions>
    </Filter>
    <Filter Include="Header Files\Controllers">
      <UniqueIdentifier>{0dec3ea9-b61a-4cd0-ab70-17511d25a8aa}</UniqueIdentifier>
    </Filter>
    <Filter Include="Source Files\Controllers">
      <UniqueIdentifier>{1cc2b582-0f04-440c-a927-eff0fcd6e141}</UniqueIdentifier>
    </Filter>
    <Filter Include="Header Files\Enums">
      <UniqueIdentifier>{d93169a0-c9f4-4077-8857-9b00a7bfe68b}</UniqueIdentifier>
    </Filter>
    <Filter Include="Header Files\Entities">
      <UniqueIdentifier>{eca4cbcf-d9cb-421f-ac63-f876aa330367}</UniqueIdentifier>
    </Filter>
    <Filter Include="Header Files\Extensions">
      <UniqueIdentifier>{67fab4d1-20be-4bb6-99a2-3e16efa0d813}</UniqueIdentifier>
    </Filter>
    <Filter Include="Header Files\DTOs">
      <UniqueIdentifier>{bd6ea7d1-c04c-4d75-9e97-5d15d9a0d4db}</UniqueIdentifier>
    </Filter>
    <Filter Include="Header Files\Models">
      <UniqueIdentifier>{5a3d54cd-88bb-413f-81ed-bbfef7762ef1}</UniqueIdentifier>
    </Filter>
    <Filter Include="Header Files\Core">
      <UniqueIdentifier>{54a82579-98ff-4b8d-9e4b-5a7748f36d46}</UniqueIdentifier>
    </Filter>
    <Filter Include="Source Files\Core">
      <UniqueIdentifier>{445d29b5-62b0-4af6-900f-0af7f6932532}</UniqueIdentifier>
    </Filter>
  </ItemGroup>
  <ItemGroup>
    <ClInclude Include="framework.h">
      <Filter>Header Files</Filter>
    </ClInclude>
    <ClInclude Include="targetver.h">
      <Filter>Header Files</Filter>
    </ClInclude>
    <ClInclude Include="Resource.h">
      <Filter>Header Files</Filter>
    </ClInclude>
    <ClInclude Include="Graphics.h">
      <Filter>Header Files</Filter>
    </ClInclude>
    <ClInclude Include="Controllers\InputController.h">
      <Filter>Header Files\Controllers</Filter>
    </ClInclude>
    <ClInclude Include="Controllers\FileController.h">
      <Filter>Header Files\Controllers</Filter>
    </ClInclude>
    <ClInclude Include="Enums\ObjFileObject.h">
      <Filter>Header Files\Enums</Filter>
    </ClInclude>
    <ClInclude Include="Entities\VerticeNorm.h">
      <Filter>Header Files\Entities</Filter>
    </ClInclude>
    <ClInclude Include="Entities\Vertice.h">
      <Filter>Header Files\Entities</Filter>
    </ClInclude>
    <ClInclude Include="Entities\VerticeTexture.h">
      <Filter>Header Files\Entities</Filter>
    </ClInclude>
    <ClInclude Include="Entities\Polygon.h">
      <Filter>Header Files\Entities</Filter>
    </ClInclude>
    <ClInclude Include="Entities\PolygonVertice.h">
      <Filter>Header Files\Entities</Filter>
    </ClInclude>
    <ClInclude Include="Extensions\StringExtensions.h">
      <Filter>Header Files\Extensions</Filter>
    </ClInclude>
    <ClInclude Include="DTOs\ParsedObjFile.h">
      <Filter>Header Files\DTOs</Filter>
    </ClInclude>
    <ClInclude Include="Models\MainModel.h">
      <Filter>Header Files\Models</Filter>
    </ClInclude>
    <ClInclude Include="Core\Matrix.h">
      <Filter>Header Files\Core</Filter>
    </ClInclude>
  </ItemGroup>
  <ItemGroup>
    <ClCompile Include="Graphics.cpp">
      <Filter>Source Files</Filter>
    </ClCompile>
    <ClCompile Include="Controllers\InputController.cpp">
      <Filter>Source Files\Controllers</Filter>
    </ClCompile>
    <ClCompile Include="Controllers\FileController.cpp">
      <Filter>Source Files\Controllers</Filter>
    </ClCompile>
    <ClCompile Include="Core\Matrix.cpp">
      <Filter>Source Files\Core</Filter>
    </ClCompile>
  </ItemGroup>
  <ItemGroup>
    <ResourceCompile Include="Graphics.rc">
      <Filter>Resource Files</Filter>
    </ResourceCompile>
  </ItemGroup>
  <ItemGroup>
    <Image Include="small.ico">
      <Filter>Resource Files</Filter>
    </Image>
    <Image Include="Graphics.ico">
      <Filter>Resource Files</Filter>
    </Image>
  </ItemGroup>
</Project>